{
  "name": "wc-info",
  "version": "0.0.3",
  "lockfileVersion": 1,
  "requires": true,
  "dependencies": {
    "xtal-latx": {
      "version": "0.0.85",
      "resolved": "https://registry.npmjs.org/xtal-latx/-/xtal-latx-0.0.85.tgz",
      "integrity": "sha512-T/dvka9N4XuGNXGXlSSWUPCfu1FtYaKIOASf4GGbPGWioM1fHfvooAiFT1DDHrzYxZpPTznwmrfsmmhbiSc9DQ=="
    }
  }
}
